// !$*UTF8*$!
{
	archiveVersion = 1;
	classes = {
	};
	objectVersion = 56;
	objects = {

/* Begin PBXBuildFile section */
		2BC4F4AE2C47CD890082B288 /* app724App.swift in Sources */ = {isa = PBXBuildFile; fileRef = 2BC4F4AD2C47CD890082B288 /* app724App.swift */; };
		2BC4F4B02C47CD890082B288 /* ContentView.swift in Sources */ = {isa = PBXBuildFile; fileRef = 2BC4F4AF2C47CD890082B288 /* ContentView.swift */; };
		2BC4F4B22C47CD8C0082B288 /* Assets.xcassets in Resources */ = {isa = PBXBuildFile; fileRef = 2BC4F4B12C47CD8C0082B288 /* Assets.xcassets */; };
		2BC4F4B52C47CD8C0082B288 /* Preview Assets.xcassets in Resources */ = {isa = PBXBuildFile; fileRef = 2BC4F4B42C47CD8C0082B288 /* Preview Assets.xcassets */; };
		2BC4F4BF2C47D1BF0082B288 /* LoaderUIView.swift in Sources */ = {isa = PBXBuildFile; fileRef = 2BC4F4BE2C47D1BF0082B288 /* LoaderUIView.swift */; };
		2BC4F4C22C47E0AC0082B288 /* View +extension.swift in Sources */ = {isa = PBXBuildFile; fileRef = 2BC4F4C12C47E0AC0082B288 /* View +extension.swift */; };
		2BC4F4C72C47E7230082B288 /* ReviewOnboardingUIView.swift in Sources */ = {isa = PBXBuildFile; fileRef = 2BC4F4C62C47E7230082B288 /* ReviewOnboardingUIView.swift */; };
		2BC4F4CA2C47F1EE0082B288 /* UserOnboardingUIView.swift in Sources */ = {isa = PBXBuildFile; fileRef = 2BC4F4C92C47F1EE0082B288 /* UserOnboardingUIView.swift */; };
		2BC4F4CD2C47F2610082B288 /* OneSignalExtension in Frameworks */ = {isa = PBXBuildFile; productRef = 2BC4F4CC2C47F2610082B288 /* OneSignalExtension */; };
		2BC4F4CF2C47F2610082B288 /* OneSignalFramework in Frameworks */ = {isa = PBXBuildFile; productRef = 2BC4F4CE2C47F2610082B288 /* OneSignalFramework */; };
		2BC4F4D12C47F2610082B288 /* OneSignalInAppMessages in Frameworks */ = {isa = PBXBuildFile; productRef = 2BC4F4D02C47F2610082B288 /* OneSignalInAppMessages */; };
		2BC4F4D32C47F2610082B288 /* OneSignalLocation in Frameworks */ = {isa = PBXBuildFile; productRef = 2BC4F4D22C47F2610082B288 /* OneSignalLocation */; };
		2BC4F4D62C48149B0082B288 /* TabUIView.swift in Sources */ = {isa = PBXBuildFile; fileRef = 2BC4F4D52C48149B0082B288 /* TabUIView.swift */; };
		2BC4F4DB2C4825080082B288 /* SignUpUIView.swift in Sources */ = {isa = PBXBuildFile; fileRef = 2BC4F4DA2C4825080082B288 /* SignUpUIView.swift */; };
		2BC4F4DD2C4827360082B288 /* ImagePicker.swift in Sources */ = {isa = PBXBuildFile; fileRef = 2BC4F4DC2C4827360082B288 /* ImagePicker.swift */; };
		2BC4F4E12C4900E10082B288 /* ProfileModel.swift in Sources */ = {isa = PBXBuildFile; fileRef = 2BC4F4E02C4900E10082B288 /* ProfileModel.swift */; };
		2BC4F4E72C491D0B0082B288 /* ProfileUIView.swift in Sources */ = {isa = PBXBuildFile; fileRef = 2BC4F4E62C491D0B0082B288 /* ProfileUIView.swift */; };
		2BC4F4E92C4930CB0082B288 /* ProfileViewModel.swift in Sources */ = {isa = PBXBuildFile; fileRef = 2BC4F4E82C4930CB0082B288 /* ProfileViewModel.swift */; };
		2BC4F4EB2C493B4C0082B288 /* EditProfileUIView.swift in Sources */ = {isa = PBXBuildFile; fileRef = 2BC4F4EA2C493B4C0082B288 /* EditProfileUIView.swift */; };
		2BC4F4ED2C4948190082B288 /* FavoriteTrailsUIView.swift in Sources */ = {isa = PBXBuildFile; fileRef = 2BC4F4EC2C4948190082B288 /* FavoriteTrailsUIView.swift */; };
		2BC4F4EF2C4948350082B288 /* FavoriteResortUIView.swift in Sources */ = {isa = PBXBuildFile; fileRef = 2BC4F4EE2C4948350082B288 /* FavoriteResortUIView.swift */; };
		2BC4F4F82C4A64050082B288 /* Track.swift in Sources */ = {isa = PBXBuildFile; fileRef = 2BC4F4F72C4A64050082B288 /* Track.swift */; };
		2BC4F4FA2C4A65340082B288 /* TrackViewModel.swift in Sources */ = {isa = PBXBuildFile; fileRef = 2BC4F4F92C4A65340082B288 /* TrackViewModel.swift */; };
		2BC4F4FC2C4A660C0082B288 /* TracksUIView.swift in Sources */ = {isa = PBXBuildFile; fileRef = 2BC4F4FB2C4A660C0082B288 /* TracksUIView.swift */; };
		2BC4F4FE2C4A67830082B288 /* TrackCellUIView.swift in Sources */ = {isa = PBXBuildFile; fileRef = 2BC4F4FD2C4A67830082B288 /* TrackCellUIView.swift */; };
		2BC4F5012C4A780F0082B288 /* SF-Pro-Text-Bold.otf in Resources */ = {isa = PBXBuildFile; fileRef = 2BC4F5002C4A780F0082B288 /* SF-Pro-Text-Bold.otf */; };
		2BC4F5052C4A835C0082B288 /* AddNewTrackUIView.swift in Sources */ = {isa = PBXBuildFile; fileRef = 2BC4F5042C4A835C0082B288 /* AddNewTrackUIView.swift */; };
		2BC4F5082C4A91360082B288 /* TrackDetailsUIView.swift in Sources */ = {isa = PBXBuildFile; fileRef = 2BC4F5072C4A91360082B288 /* TrackDetailsUIView.swift */; };
		2BC4F50E2C4AA3160082B288 /* Resort.swift in Sources */ = {isa = PBXBuildFile; fileRef = 2BC4F50D2C4AA3160082B288 /* Resort.swift */; };
		2BC4F5112C4AA4180082B288 /* ResortDetailsUIView.swift in Sources */ = {isa = PBXBuildFile; fileRef = 2BC4F5102C4AA4180082B288 /* ResortDetailsUIView.swift */; };
		2BC4F5142C4AA4370082B288 /* AddResortUIView.swift in Sources */ = {isa = PBXBuildFile; fileRef = 2BC4F5132C4AA4370082B288 /* AddResortUIView.swift */; };
		2BC4F5162C4AA4550082B288 /* ReservationsUIView.swift in Sources */ = {isa = PBXBuildFile; fileRef = 2BC4F5152C4AA4550082B288 /* ReservationsUIView.swift */; };
/* End PBXBuildFile section */

/* Begin PBXFileReference section */
		2BC4F4AA2C47CD890082B288 /* app724.app */ = {isa = PBXFileReference; explicitFileType = wrapper.application; includeInIndex = 0; path = app724.app; sourceTree = BUILT_PRODUCTS_DIR; };
		2BC4F4AD2C47CD890082B288 /* app724App.swift */ = {isa = PBXFileReference; lastKnownFileType = sourcecode.swift; path = app724App.swift; sourceTree = "<group>"; };
		2BC4F4AF2C47CD890082B288 /* ContentView.swift */ = {isa = PBXFileReference; lastKnownFileType = sourcecode.swift; path = ContentView.swift; sourceTree = "<group>"; };
		2BC4F4B12C47CD8C0082B288 /* Assets.xcassets */ = {isa = PBXFileReference; lastKnownFileType = folder.assetcatalog; path = Assets.xcassets; sourceTree = "<group>"; };
		2BC4F4B42C47CD8C0082B288 /* Preview Assets.xcassets */ = {isa = PBXFileReference; lastKnownFileType = folder.assetcatalog; path = "Preview Assets.xcassets"; sourceTree = "<group>"; };
		2BC4F4BE2C47D1BF0082B288 /* LoaderUIView.swift */ = {isa = PBXFileReference; lastKnownFileType = sourcecode.swift; path = LoaderUIView.swift; sourceTree = "<group>"; };
		2BC4F4C12C47E0AC0082B288 /* View +extension.swift */ = {isa = PBXFileReference; lastKnownFileType = sourcecode.swift; path = "View +extension.swift"; sourceTree = "<group>"; };
		2BC4F4C62C47E7230082B288 /* ReviewOnboardingUIView.swift */ = {isa = PBXFileReference; lastKnownFileType = sourcecode.swift; path = ReviewOnboardingUIView.swift; sourceTree = "<group>"; };
		2BC4F4C92C47F1EE0082B288 /* UserOnboardingUIView.swift */ = {isa = PBXFileReference; lastKnownFileType = sourcecode.swift; path = UserOnboardingUIView.swift; sourceTree = "<group>"; };
		2BC4F4D52C48149B0082B288 /* TabUIView.swift */ = {isa = PBXFileReference; lastKnownFileType = sourcecode.swift; path = TabUIView.swift; sourceTree = "<group>"; };
		2BC4F4DA2C4825080082B288 /* SignUpUIView.swift */ = {isa = PBXFileReference; lastKnownFileType = sourcecode.swift; path = SignUpUIView.swift; sourceTree = "<group>"; };
		2BC4F4DC2C4827360082B288 /* ImagePicker.swift */ = {isa = PBXFileReference; lastKnownFileType = sourcecode.swift; path = ImagePicker.swift; sourceTree = "<group>"; };
		2BC4F4E02C4900E10082B288 /* ProfileModel.swift */ = {isa = PBXFileReference; lastKnownFileType = sourcecode.swift; path = ProfileModel.swift; sourceTree = "<group>"; };
		2BC4F4E62C491D0B0082B288 /* ProfileUIView.swift */ = {isa = PBXFileReference; lastKnownFileType = sourcecode.swift; path = ProfileUIView.swift; sourceTree = "<group>"; };
		2BC4F4E82C4930CB0082B288 /* ProfileViewModel.swift */ = {isa = PBXFileReference; lastKnownFileType = sourcecode.swift; path = ProfileViewModel.swift; sourceTree = "<group>"; };
		2BC4F4EA2C493B4C0082B288 /* EditProfileUIView.swift */ = {isa = PBXFileReference; lastKnownFileType = sourcecode.swift; path = EditProfileUIView.swift; sourceTree = "<group>"; };
		2BC4F4EC2C4948190082B288 /* FavoriteTrailsUIView.swift */ = {isa = PBXFileReference; lastKnownFileType = sourcecode.swift; path = FavoriteTrailsUIView.swift; sourceTree = "<group>"; };
		2BC4F4EE2C4948350082B288 /* FavoriteResortUIView.swift */ = {isa = PBXFileReference; lastKnownFileType = sourcecode.swift; path = FavoriteResortUIView.swift; sourceTree = "<group>"; };
		2BC4F4F72C4A64050082B288 /* Track.swift */ = {isa = PBXFileReference; lastKnownFileType = sourcecode.swift; path = Track.swift; sourceTree = "<group>"; };
		2BC4F4F92C4A65340082B288 /* TrackViewModel.swift */ = {isa = PBXFileReference; lastKnownFileType = sourcecode.swift; path = TrackViewModel.swift; sourceTree = "<group>"; };
		2BC4F4FB2C4A660C0082B288 /* TracksUIView.swift */ = {isa = PBXFileReference; lastKnownFileType = sourcecode.swift; path = TracksUIView.swift; sourceTree = "<group>"; };
		2BC4F4FD2C4A67830082B288 /* TrackCellUIView.swift */ = {isa = PBXFileReference; lastKnownFileType = sourcecode.swift; path = TrackCellUIView.swift; sourceTree = "<group>"; };
		2BC4F5002C4A780F0082B288 /* SF-Pro-Text-Bold.otf */ = {isa = PBXFileReference; lastKnownFileType = file; name = "SF-Pro-Text-Bold.otf"; path = "../../../../../../Downloads/San-Francisco-Pro-Fonts-master/SF-Pro-Text-Bold.otf"; sourceTree = "<group>"; };
		2BC4F5022C4A78DA0082B288 /* Info.plist */ = {isa = PBXFileReference; lastKnownFileType = text.plist; path = Info.plist; sourceTree = "<group>"; };
		2BC4F5042C4A835C0082B288 /* AddNewTrackUIView.swift */ = {isa = PBXFileReference; lastKnownFileType = sourcecode.swift; path = AddNewTrackUIView.swift; sourceTree = "<group>"; };
		2BC4F5072C4A91360082B288 /* TrackDetailsUIView.swift */ = {isa = PBXFileReference; lastKnownFileType = sourcecode.swift; path = TrackDetailsUIView.swift; sourceTree = "<group>"; };
		2BC4F50D2C4AA3160082B288 /* Resort.swift */ = {isa = PBXFileReference; lastKnownFileType = sourcecode.swift; path = Resort.swift; sourceTree = "<group>"; };
		2BC4F5102C4AA4180082B288 /* ResortDetailsUIView.swift */ = {isa = PBXFileReference; lastKnownFileType = sourcecode.swift; path = ResortDetailsUIView.swift; sourceTree = "<group>"; };
		2BC4F5132C4AA4370082B288 /* AddResortUIView.swift */ = {isa = PBXFileReference; lastKnownFileType = sourcecode.swift; path = AddResortUIView.swift; sourceTree = "<group>"; };
		2BC4F5152C4AA4550082B288 /* ReservationsUIView.swift */ = {isa = PBXFileReference; lastKnownFileType = sourcecode.swift; path = ReservationsUIView.swift; sourceTree = "<group>"; };
/* End PBXFileReference section */

/* Begin PBXFrameworksBuildPhase section */
		2BC4F4A72C47CD890082B288 /* Frameworks */ = {
			isa = PBXFrameworksBuildPhase;
			buildActionMask = 2147483647;
			files = (
				2BC4F4D12C47F2610082B288 /* OneSignalInAppMessages in Frameworks */,
				2BC4F4CF2C47F2610082B288 /* OneSignalFramework in Frameworks */,
				2BC4F4D32C47F2610082B288 /* OneSignalLocation in Frameworks */,
				2BC4F4CD2C47F2610082B288 /* OneSignalExtension in Frameworks */,
			);
			runOnlyForDeploymentPostprocessing = 0;
		};
/* End PBXFrameworksBuildPhase section */

/* Begin PBXGroup section */
		2BC4F4A12C47CD880082B288 = {
			isa = PBXGroup;
			children = (
				2BC4F4AC2C47CD890082B288 /* app724 */,
				2BC4F4AB2C47CD890082B288 /* Products */,
			);
			sourceTree = "<group>";
		};
		2BC4F4AB2C47CD890082B288 /* Products */ = {
			isa = PBXGroup;
			children = (
				2BC4F4AA2C47CD890082B288 /* app724.app */,
			);
			name = Products;
			sourceTree = "<group>";
		};
		2BC4F4AC2C47CD890082B288 /* app724 */ = {
			isa = PBXGroup;
			children = (
				2BC4F5022C4A78DA0082B288 /* Info.plist */,
				2BC4F4C02C47E0950082B288 /* Extensions */,
				2BC4F4BD2C47D1AD0082B288 /* Loader */,
				2BC4F4BB2C47D06F0082B288 /* First */,
				2BC4F4BC2C47D0760082B288 /* Second */,
				2BC4F4AD2C47CD890082B288 /* app724App.swift */,
				2BC4F4AF2C47CD890082B288 /* ContentView.swift */,
				2BC4F4B12C47CD8C0082B288 /* Assets.xcassets */,
				2BC4F4FF2C4A77EC0082B288 /* Fonts */,
				2BC4F4B32C47CD8C0082B288 /* Preview Content */,
			);
			path = app724;
			sourceTree = "<group>";
		};
		2BC4F4B32C47CD8C0082B288 /* Preview Content */ = {
			isa = PBXGroup;
			children = (
				2BC4F4B42C47CD8C0082B288 /* Preview Assets.xcassets */,
			);
			path = "Preview Content";
			sourceTree = "<group>";
		};
		2BC4F4BB2C47D06F0082B288 /* First */ = {
			isa = PBXGroup;
			children = (
				2BC4F4C32C47E6970082B288 /* Modules */,
			);
			path = First;
			sourceTree = "<group>";
		};
		2BC4F4BC2C47D0760082B288 /* Second */ = {
			isa = PBXGroup;
			children = (
				2BC4F4C42C47E69F0082B288 /* Modules */,
			);
			path = Second;
			sourceTree = "<group>";
		};
		2BC4F4BD2C47D1AD0082B288 /* Loader */ = {
			isa = PBXGroup;
			children = (
				2BC4F4BE2C47D1BF0082B288 /* LoaderUIView.swift */,
			);
			path = Loader;
			sourceTree = "<group>";
		};
		2BC4F4C02C47E0950082B288 /* Extensions */ = {
			isa = PBXGroup;
			children = (
				2BC4F4C12C47E0AC0082B288 /* View +extension.swift */,
			);
			path = Extensions;
			sourceTree = "<group>";
		};
		2BC4F4C32C47E6970082B288 /* Modules */ = {
			isa = PBXGroup;
			children = (
				2BC4F5092C4AA2B30082B288 /* Reservations */,
				2BC4F4F32C4A638A0082B288 /* Tracks */,
				2BC4F4E22C491CDB0082B288 /* Profile */,
				2BC4F4D92C4824E90082B288 /* Registration */,
				2BC4F4C52C47E7080082B288 /* Onboarding */,
				2BC4F4D42C48146A0082B288 /* TabView */,
			);
			path = Modules;
			sourceTree = "<group>";
		};
		2BC4F4C42C47E69F0082B288 /* Modules */ = {
			isa = PBXGroup;
			children = (
				2BC4F4C82C47F1D70082B288 /* Onboarding */,
			);
			path = Modules;
			sourceTree = "<group>";
		};
		2BC4F4C52C47E7080082B288 /* Onboarding */ = {
			isa = PBXGroup;
			children = (
				2BC4F4C62C47E7230082B288 /* ReviewOnboardingUIView.swift */,
			);
			path = Onboarding;
			sourceTree = "<group>";
		};
		2BC4F4C82C47F1D70082B288 /* Onboarding */ = {
			isa = PBXGroup;
			children = (
				2BC4F4C92C47F1EE0082B288 /* UserOnboardingUIView.swift */,
			);
			path = Onboarding;
			sourceTree = "<group>";
		};
		2BC4F4D42C48146A0082B288 /* TabView */ = {
			isa = PBXGroup;
			children = (
				2BC4F4D52C48149B0082B288 /* TabUIView.swift */,
			);
			path = TabView;
			sourceTree = "<group>";
		};
		2BC4F4D92C4824E90082B288 /* Registration */ = {
			isa = PBXGroup;
			children = (
				2BC4F4DF2C4900CE0082B288 /* Model */,
				2BC4F4DE2C4900C30082B288 /* View */,
				2BC4F4DC2C4827360082B288 /* ImagePicker.swift */,
			);
			path = Registration;
			sourceTree = "<group>";
		};
		2BC4F4DE2C4900C30082B288 /* View */ = {
			isa = PBXGroup;
			children = (
				2BC4F4DA2C4825080082B288 /* SignUpUIView.swift */,
			);
			path = View;
			sourceTree = "<group>";
		};
		2BC4F4DF2C4900CE0082B288 /* Model */ = {
			isa = PBXGroup;
			children = (
				2BC4F4E02C4900E10082B288 /* ProfileModel.swift */,
			);
			path = Model;
			sourceTree = "<group>";
		};
		2BC4F4E22C491CDB0082B288 /* Profile */ = {
			isa = PBXGroup;
			children = (
				2BC4F4E52C491CFA0082B288 /* Model */,
				2BC4F4E42C491CF40082B288 /* View */,
				2BC4F4E32C491CEE0082B288 /* ViewModel */,
			);
			path = Profile;
			sourceTree = "<group>";
		};
		2BC4F4E32C491CEE0082B288 /* ViewModel */ = {
			isa = PBXGroup;
			children = (
				2BC4F4E82C4930CB0082B288 /* ProfileViewModel.swift */,
			);
			path = ViewModel;
			sourceTree = "<group>";
		};
		2BC4F4E42C491CF40082B288 /* View */ = {
			isa = PBXGroup;
			children = (
				2BC4F4E62C491D0B0082B288 /* ProfileUIView.swift */,
				2BC4F4EA2C493B4C0082B288 /* EditProfileUIView.swift */,
				2BC4F4EC2C4948190082B288 /* FavoriteTrailsUIView.swift */,
				2BC4F4EE2C4948350082B288 /* FavoriteResortUIView.swift */,
			);
			path = View;
			sourceTree = "<group>";
		};
		2BC4F4E52C491CFA0082B288 /* Model */ = {
			isa = PBXGroup;
			children = (
			);
			path = Model;
			sourceTree = "<group>";
		};
		2BC4F4F32C4A638A0082B288 /* Tracks */ = {
			isa = PBXGroup;
			children = (
				2BC4F4F62C4A63F50082B288 /* Model */,
				2BC4F4F52C4A63F00082B288 /* View */,
				2BC4F4F42C4A63E90082B288 /* ViewModel */,
			);
			path = Tracks;
			sourceTree = "<group>";
		};
		2BC4F4F42C4A63E90082B288 /* ViewModel */ = {
			isa = PBXGroup;
			children = (
				2BC4F4F92C4A65340082B288 /* TrackViewModel.swift */,
			);
			path = ViewModel;
			sourceTree = "<group>";
		};
		2BC4F4F52C4A63F00082B288 /* View */ = {
			isa = PBXGroup;
			children = (
				2BC4F5062C4A911E0082B288 /* TrackDetails */,
				2BC4F5032C4A834A0082B288 /* AddNewTrack */,
				2BC4F4FB2C4A660C0082B288 /* TracksUIView.swift */,
				2BC4F4FD2C4A67830082B288 /* TrackCellUIView.swift */,
			);
			path = View;
			sourceTree = "<group>";
		};
		2BC4F4F62C4A63F50082B288 /* Model */ = {
			isa = PBXGroup;
			children = (
				2BC4F4F72C4A64050082B288 /* Track.swift */,
			);
			path = Model;
			sourceTree = "<group>";
		};
		2BC4F4FF2C4A77EC0082B288 /* Fonts */ = {
			isa = PBXGroup;
			children = (
				2BC4F5002C4A780F0082B288 /* SF-Pro-Text-Bold.otf */,
			);
			path = Fonts;
			sourceTree = "<group>";
		};
		2BC4F5032C4A834A0082B288 /* AddNewTrack */ = {
			isa = PBXGroup;
			children = (
				2BC4F5042C4A835C0082B288 /* AddNewTrackUIView.swift */,
			);
			path = AddNewTrack;
			sourceTree = "<group>";
		};
		2BC4F5062C4A911E0082B288 /* TrackDetails */ = {
			isa = PBXGroup;
			children = (
				2BC4F5072C4A91360082B288 /* TrackDetailsUIView.swift */,
			);
			path = TrackDetails;
			sourceTree = "<group>";
		};
		2BC4F5092C4AA2B30082B288 /* Reservations */ = {
			isa = PBXGroup;
			children = (
				2BC4F50C2C4AA2C70082B288 /* Model */,
				2BC4F50B2C4AA2C30082B288 /* View */,
				2BC4F50A2C4AA2BC0082B288 /* ViewModel */,
			);
			path = Reservations;
			sourceTree = "<group>";
		};
		2BC4F50A2C4AA2BC0082B288 /* ViewModel */ = {
			isa = PBXGroup;
			children = (
			);
			path = ViewModel;
			sourceTree = "<group>";
		};
		2BC4F50B2C4AA2C30082B288 /* View */ = {
			isa = PBXGroup;
			children = (
				2BC4F50F2C4AA3F50082B288 /* ResortDetails */,
				2BC4F5122C4AA4220082B288 /* AddNewResort */,
				2BC4F5152C4AA4550082B288 /* ReservationsUIView.swift */,
			);
			path = View;
			sourceTree = "<group>";
		};
		2BC4F50C2C4AA2C70082B288 /* Model */ = {
			isa = PBXGroup;
			children = (
				2BC4F50D2C4AA3160082B288 /* Resort.swift */,
			);
			path = Model;
			sourceTree = "<group>";
		};
		2BC4F50F2C4AA3F50082B288 /* ResortDetails */ = {
			isa = PBXGroup;
			children = (
				2BC4F5102C4AA4180082B288 /* ResortDetailsUIView.swift */,
			);
			path = ResortDetails;
			sourceTree = "<group>";
		};
		2BC4F5122C4AA4220082B288 /* AddNewResort */ = {
			isa = PBXGroup;
			children = (
				2BC4F5132C4AA4370082B288 /* AddResortUIView.swift */,
			);
			path = AddNewResort;
			sourceTree = "<group>";
		};
/* End PBXGroup section */

/* Begin PBXNativeTarget section */
		2BC4F4A92C47CD890082B288 /* app724 */ = {
			isa = PBXNativeTarget;
			buildConfigurationList = 2BC4F4B82C47CD8C0082B288 /* Build configuration list for PBXNativeTarget "app724" */;
			buildPhases = (
				2BC4F4A62C47CD890082B288 /* Sources */,
				2BC4F4A72C47CD890082B288 /* Frameworks */,
				2BC4F4A82C47CD890082B288 /* Resources */,
			);
			buildRules = (
			);
			dependencies = (
			);
			name = app724;
			packageProductDependencies = (
				2BC4F4CC2C47F2610082B288 /* OneSignalExtension */,
				2BC4F4CE2C47F2610082B288 /* OneSignalFramework */,
				2BC4F4D02C47F2610082B288 /* OneSignalInAppMessages */,
				2BC4F4D22C47F2610082B288 /* OneSignalLocation */,
			);
			productName = app724;
			productReference = 2BC4F4AA2C47CD890082B288 /* app724.app */;
			productType = "com.apple.product-type.application";
		};
/* End PBXNativeTarget section */

/* Begin PBXProject section */
		2BC4F4A22C47CD880082B288 /* Project object */ = {
			isa = PBXProject;
			attributes = {
				BuildIndependentTargetsInParallel = 1;
				LastSwiftUpdateCheck = 1520;
				LastUpgradeCheck = 1520;
				TargetAttributes = {
					2BC4F4A92C47CD890082B288 = {
						CreatedOnToolsVersion = 15.2;
					};
				};
			};
			buildConfigurationList = 2BC4F4A52C47CD880082B288 /* Build configuration list for PBXProject "app724" */;
			compatibilityVersion = "Xcode 14.0";
			developmentRegion = en;
			hasScannedForEncodings = 0;
			knownRegions = (
				en,
				Base,
			);
			mainGroup = 2BC4F4A12C47CD880082B288;
			packageReferences = (
				2BC4F4CB2C47F2610082B288 /* XCRemoteSwiftPackageReference "OneSignal-iOS-SDK" */,
			);
			productRefGroup = 2BC4F4AB2C47CD890082B288 /* Products */;
			projectDirPath = "";
			projectRoot = "";
			targets = (
				2BC4F4A92C47CD890082B288 /* app724 */,
			);
		};
/* End PBXProject section */

/* Begin PBXResourcesBuildPhase section */
		2BC4F4A82C47CD890082B288 /* Resources */ = {
			isa = PBXResourcesBuildPhase;
			buildActionMask = 2147483647;
			files = (
				2BC4F4B52C47CD8C0082B288 /* Preview Assets.xcassets in Resources */,
				2BC4F4B22C47CD8C0082B288 /* Assets.xcassets in Resources */,
				2BC4F5012C4A780F0082B288 /* SF-Pro-Text-Bold.otf in Resources */,
			);
			runOnlyForDeploymentPostprocessing = 0;
		};
/* End PBXResourcesBuildPhase section */

/* Begin PBXSourcesBuildPhase section */
		2BC4F4A62C47CD890082B288 /* Sources */ = {
			isa = PBXSourcesBuildPhase;
			buildActionMask = 2147483647;
			files = (
				2BC4F4CA2C47F1EE0082B288 /* UserOnboardingUIView.swift in Sources */,
				2BC4F4EF2C4948350082B288 /* FavoriteResortUIView.swift in Sources */,
				2BC4F4B02C47CD890082B288 /* ContentView.swift in Sources */,
				2BC4F5052C4A835C0082B288 /* AddNewTrackUIView.swift in Sources */,
				2BC4F4E72C491D0B0082B288 /* ProfileUIView.swift in Sources */,
				2BC4F4FC2C4A660C0082B288 /* TracksUIView.swift in Sources */,
				2BC4F5112C4AA4180082B288 /* ResortDetailsUIView.swift in Sources */,
				2BC4F4AE2C47CD890082B288 /* app724App.swift in Sources */,
				2BC4F4FA2C4A65340082B288 /* TrackViewModel.swift in Sources */,
				2BC4F5162C4AA4550082B288 /* ReservationsUIView.swift in Sources */,
				2BC4F4DD2C4827360082B288 /* ImagePicker.swift in Sources */,
				2BC4F4FE2C4A67830082B288 /* TrackCellUIView.swift in Sources */,
				2BC4F4ED2C4948190082B288 /* FavoriteTrailsUIView.swift in Sources */,
				2BC4F4D62C48149B0082B288 /* TabUIView.swift in Sources */,
				2BC4F4E92C4930CB0082B288 /* ProfileViewModel.swift in Sources */,
				2BC4F4EB2C493B4C0082B288 /* EditProfileUIView.swift in Sources */,
				2BC4F4E12C4900E10082B288 /* ProfileModel.swift in Sources */,
				2BC4F4F82C4A64050082B288 /* Track.swift in Sources */,
				2BC4F5142C4AA4370082B288 /* AddResortUIView.swift in Sources */,
				2BC4F50E2C4AA3160082B288 /* Resort.swift in Sources */,
				2BC4F5082C4A91360082B288 /* TrackDetailsUIView.swift in Sources */,
				2BC4F4DB2C4825080082B288 /* SignUpUIView.swift in Sources */,
				2BC4F4BF2C47D1BF0082B288 /* LoaderUIView.swift in Sources */,
				2BC4F4C72C47E7230082B288 /* ReviewOnboardingUIView.swift in Sources */,
				2BC4F4C22C47E0AC0082B288 /* View +extension.swift in Sources */,
			);
			runOnlyForDeploymentPostprocessing = 0;
		};
/* End PBXSourcesBuildPhase section */

/* Begin XCBuildConfiguration section */
		2BC4F4B62C47CD8C0082B288 /* Debug */ = {
			isa = XCBuildConfiguration;
			buildSettings = {
				ALWAYS_SEARCH_USER_PATHS = NO;
				ASSETCATALOG_COMPILER_GENERATE_SWIFT_ASSET_SYMBOL_EXTENSIONS = YES;
				CLANG_ANALYZER_NONNULL = YES;
				CLANG_ANALYZER_NUMBER_OBJECT_CONVERSION = YES_AGGRESSIVE;
				CLANG_CXX_LANGUAGE_STANDARD = "gnu++20";
				CLANG_ENABLE_MODULES = YES;
				CLANG_ENABLE_OBJC_ARC = YES;
				CLANG_ENABLE_OBJC_WEAK = YES;
				CLANG_WARN_BLOCK_CAPTURE_AUTORELEASING = YES;
				CLANG_WARN_BOOL_CONVERSION = YES;
				CLANG_WARN_COMMA = YES;
				CLANG_WARN_CONSTANT_CONVERSION = YES;
				CLANG_WARN_DEPRECATED_OBJC_IMPLEMENTATIONS = YES;
				CLANG_WARN_DIRECT_OBJC_ISA_USAGE = YES_ERROR;
				CLANG_WARN_DOCUMENTATION_COMMENTS = YES;
				CLANG_WARN_EMPTY_BODY = YES;
				CLANG_WARN_ENUM_CONVERSION = YES;
				CLANG_WARN_INFINITE_RECURSION = YES;
				CLANG_WARN_INT_CONVERSION = YES;
				CLANG_WARN_NON_LITERAL_NULL_CONVERSION = YES;
				CLANG_WARN_OBJC_IMPLICIT_RETAIN_SELF = YES;
				CLANG_WARN_OBJC_LITERAL_CONVERSION = YES;
				CLANG_WARN_OBJC_ROOT_CLASS = YES_ERROR;
				CLANG_WARN_QUOTED_INCLUDE_IN_FRAMEWORK_HEADER = YES;
				CLANG_WARN_RANGE_LOOP_ANALYSIS = YES;
				CLANG_WARN_STRICT_PROTOTYPES = YES;
				CLANG_WARN_SUSPICIOUS_MOVE = YES;
				CLANG_WARN_UNGUARDED_AVAILABILITY = YES_AGGRESSIVE;
				CLANG_WARN_UNREACHABLE_CODE = YES;
				CLANG_WARN__DUPLICATE_METHOD_MATCH = YES;
				COPY_PHASE_STRIP = NO;
				DEBUG_INFORMATION_FORMAT = dwarf;
				ENABLE_STRICT_OBJC_MSGSEND = YES;
				ENABLE_TESTABILITY = YES;
				ENABLE_USER_SCRIPT_SANDBOXING = YES;
				GCC_C_LANGUAGE_STANDARD = gnu17;
				GCC_DYNAMIC_NO_PIC = NO;
				GCC_NO_COMMON_BLOCKS = YES;
				GCC_OPTIMIZATION_LEVEL = 0;
				GCC_PREPROCESSOR_DEFINITIONS = (
					"DEBUG=1",
					"$(inherited)",
				);
				GCC_WARN_64_TO_32_BIT_CONVERSION = YES;
				GCC_WARN_ABOUT_RETURN_TYPE = YES_ERROR;
				GCC_WARN_UNDECLARED_SELECTOR = YES;
				GCC_WARN_UNINITIALIZED_AUTOS = YES_AGGRESSIVE;
				GCC_WARN_UNUSED_FUNCTION = YES;
				GCC_WARN_UNUSED_VARIABLE = YES;
				IPHONEOS_DEPLOYMENT_TARGET = 14.0;
				LOCALIZATION_PREFERS_STRING_CATALOGS = YES;
				MTL_ENABLE_DEBUG_INFO = INCLUDE_SOURCE;
				MTL_FAST_MATH = YES;
				ONLY_ACTIVE_ARCH = YES;
				SDKROOT = iphoneos;
				SWIFT_ACTIVE_COMPILATION_CONDITIONS = "DEBUG $(inherited)";
				SWIFT_OPTIMIZATION_LEVEL = "-Onone";
			};
			name = Debug;
		};
		2BC4F4B72C47CD8C0082B288 /* Release */ = {
			isa = XCBuildConfiguration;
			buildSettings = {
				ALWAYS_SEARCH_USER_PATHS = NO;
				ASSETCATALOG_COMPILER_GENERATE_SWIFT_ASSET_SYMBOL_EXTENSIONS = YES;
				CLANG_ANALYZER_NONNULL = YES;
				CLANG_ANALYZER_NUMBER_OBJECT_CONVERSION = YES_AGGRESSIVE;
				CLANG_CXX_LANGUAGE_STANDARD = "gnu++20";
				CLANG_ENABLE_MODULES = YES;
				CLANG_ENABLE_OBJC_ARC = YES;
				CLANG_ENABLE_OBJC_WEAK = YES;
				CLANG_WARN_BLOCK_CAPTURE_AUTORELEASING = YES;
				CLANG_WARN_BOOL_CONVERSION = YES;
				CLANG_WARN_COMMA = YES;
				CLANG_WARN_CONSTANT_CONVERSION = YES;
				CLANG_WARN_DEPRECATED_OBJC_IMPLEMENTATIONS = YES;
				CLANG_WARN_DIRECT_OBJC_ISA_USAGE = YES_ERROR;
				CLANG_WARN_DOCUMENTATION_COMMENTS = YES;
				CLANG_WARN_EMPTY_BODY = YES;
				CLANG_WARN_ENUM_CONVERSION = YES;
				CLANG_WARN_INFINITE_RECURSION = YES;
				CLANG_WARN_INT_CONVERSION = YES;
				CLANG_WARN_NON_LITERAL_NULL_CONVERSION = YES;
				CLANG_WARN_OBJC_IMPLICIT_RETAIN_SELF = YES;
				CLANG_WARN_OBJC_LITERAL_CONVERSION = YES;
				CLANG_WARN_OBJC_ROOT_CLASS = YES_ERROR;
				CLANG_WARN_QUOTED_INCLUDE_IN_FRAMEWORK_HEADER = YES;
				CLANG_WARN_RANGE_LOOP_ANALYSIS = YES;
				CLANG_WARN_STRICT_PROTOTYPES = YES;
				CLANG_WARN_SUSPICIOUS_MOVE = YES;
				CLANG_WARN_UNGUARDED_AVAILABILITY = YES_AGGRESSIVE;
				CLANG_WARN_UNREACHABLE_CODE = YES;
				CLANG_WARN__DUPLICATE_METHOD_MATCH = YES;
				COPY_PHASE_STRIP = NO;
				DEBUG_INFORMATION_FORMAT = "dwarf-with-dsym";
				ENABLE_NS_ASSERTIONS = NO;
				ENABLE_STRICT_OBJC_MSGSEND = YES;
				ENABLE_USER_SCRIPT_SANDBOXING = YES;
				GCC_C_LANGUAGE_STANDARD = gnu17;
				GCC_NO_COMMON_BLOCKS = YES;
				GCC_WARN_64_TO_32_BIT_CONVERSION = YES;
				GCC_WARN_ABOUT_RETURN_TYPE = YES_ERROR;
				GCC_WARN_UNDECLARED_SELECTOR = YES;
				GCC_WARN_UNINITIALIZED_AUTOS = YES_AGGRESSIVE;
				GCC_WARN_UNUSED_FUNCTION = YES;
				GCC_WARN_UNUSED_VARIABLE = YES;
				IPHONEOS_DEPLOYMENT_TARGET = 14.0;
				LOCALIZATION_PREFERS_STRING_CATALOGS = YES;
				MTL_ENABLE_DEBUG_INFO = NO;
				MTL_FAST_MATH = YES;
				SDKROOT = iphoneos;
				SWIFT_COMPILATION_MODE = wholemodule;
				VALIDATE_PRODUCT = YES;
			};
			name = Release;
		};
		2BC4F4B92C47CD8C0082B288 /* Debug */ = {
			isa = XCBuildConfiguration;
			buildSettings = {
				ASSETCATALOG_COMPILER_APPICON_NAME = AppIcon;
				ASSETCATALOG_COMPILER_GLOBAL_ACCENT_COLOR_NAME = AccentColor;
				CODE_SIGN_STYLE = Automatic;
				CURRENT_PROJECT_VERSION = 1;
				DEVELOPMENT_ASSET_PATHS = "\"app724/Preview Content\"";
				ENABLE_PREVIEWS = YES;
				GENERATE_INFOPLIST_FILE = YES;
				INFOPLIST_FILE = app724/Info.plist;
				INFOPLIST_KEY_UIApplicationSceneManifest_Generation = YES;
				INFOPLIST_KEY_UIApplicationSupportsIndirectInputEvents = YES;
				INFOPLIST_KEY_UILaunchScreen_Generation = YES;
				INFOPLIST_KEY_UISupportedInterfaceOrientations_iPad = "UIInterfaceOrientationPortrait UIInterfaceOrientationPortraitUpsideDown UIInterfaceOrientationLandscapeLeft UIInterfaceOrientationLandscapeRight";
				INFOPLIST_KEY_UISupportedInterfaceOrientations_iPhone = "UIInterfaceOrientationPortrait UIInterfaceOrientationLandscapeLeft UIInterfaceOrientationLandscapeRight";
				LD_RUNPATH_SEARCH_PATHS = (
					"$(inherited)",
					"@executable_path/Frameworks",
				);
				MARKETING_VERSION = 1.0;
				PRODUCT_BUNDLE_IDENTIFIER = adm.app724;
				PRODUCT_NAME = "$(TARGET_NAME)";
				SWIFT_EMIT_LOC_STRINGS = YES;
				SWIFT_VERSION = 5.0;
				TARGETED_DEVICE_FAMILY = "1,2";
			};
			name = Debug;
		};
		2BC4F4BA2C47CD8C0082B288 /* Release */ = {
			isa = XCBuildConfiguration;
			buildSettings = {
				ASSETCATALOG_COMPILER_APPICON_NAME = AppIcon;
				ASSETCATALOG_COMPILER_GLOBAL_ACCENT_COLOR_NAME = AccentColor;
				CODE_SIGN_STYLE = Automatic;
				CURRENT_PROJECT_VERSION = 1;
				DEVELOPMENT_ASSET_PATHS = "\"app724/Preview Content\"";
				ENABLE_PREVIEWS = YES;
				GENERATE_INFOPLIST_FILE = YES;
				INFOPLIST_FILE = app724/Info.plist;
				INFOPLIST_KEY_UIApplicationSceneManifest_Generation = YES;
				INFOPLIST_KEY_UIApplicationSupportsIndirectInputEvents = YES;
				INFOPLIST_KEY_UILaunchScreen_Generation = YES;
				INFOPLIST_KEY_UISupportedInterfaceOrientations_iPad = "UIInterfaceOrientationPortrait UIInterfaceOrientationPortraitUpsideDown UIInterfaceOrientationLandscapeLeft UIInterfaceOrientationLandscapeRight";
				INFOPLIST_KEY_UISupportedInterfaceOrientations_iPhone = "UIInterfaceOrientationPortrait UIInterfaceOrientationLandscapeLeft UIInterfaceOrientationLandscapeRight";
				LD_RUNPATH_SEARCH_PATHS = (
					"$(inherited)",
					"@executable_path/Frameworks",
				);
				MARKETING_VERSION = 1.0;
				PRODUCT_BUNDLE_IDENTIFIER = adm.app724;
				PRODUCT_NAME = "$(TARGET_NAME)";
				SWIFT_EMIT_LOC_STRINGS = YES;
				SWIFT_VERSION = 5.0;
				TARGETED_DEVICE_FAMILY = "1,2";
			};
			name = Release;
		};
/* End XCBuildConfiguration section */

/* Begin XCConfigurationList section */
		2BC4F4A52C47CD880082B288 /* Build configuration list for PBXProject "app724" */ = {
			isa = XCConfigurationList;
			buildConfigurations = (
				2BC4F4B62C47CD8C0082B288 /* Debug */,
				2BC4F4B72C47CD8C0082B288 /* Release */,
			);
			defaultConfigurationIsVisible = 0;
			defaultConfigurationName = Release;
		};
		2BC4F4B82C47CD8C0082B288 /* Build configuration list for PBXNativeTarget "app724" */ = {
			isa = XCConfigurationList;
			buildConfigurations = (
				2BC4F4B92C47CD8C0082B288 /* Debug */,
				2BC4F4BA2C47CD8C0082B288 /* Release */,
			);
			defaultConfigurationIsVisible = 0;
			defaultConfigurationName = Release;
		};
/* End XCConfigurationList section */

/* Begin XCRemoteSwiftPackageReference section */
		2BC4F4CB2C47F2610082B288 /* XCRemoteSwiftPackageReference "OneSignal-iOS-SDK" */ = {
			isa = XCRemoteSwiftPackageReference;
			repositoryURL = "https://github.com/OneSignal/OneSignal-iOS-SDK";
			requirement = {
				kind = upToNextMajorVersion;
				minimumVersion = 5.2.2;
			};
		};
/* End XCRemoteSwiftPackageReference section */

/* Begin XCSwiftPackageProductDependency section */
		2BC4F4CC2C47F2610082B288 /* OneSignalExtension */ = {
			isa = XCSwiftPackageProductDependency;
			package = 2BC4F4CB2C47F2610082B288 /* XCRemoteSwiftPackageReference "OneSignal-iOS-SDK" */;
			productName = OneSignalExtension;
		};
		2BC4F4CE2C47F2610082B288 /* OneSignalFramework */ = {
			isa = XCSwiftPackageProductDependency;
			package = 2BC4F4CB2C47F2610082B288 /* XCRemoteSwiftPackageReference "OneSignal-iOS-SDK" */;
			productName = OneSignalFramework;
		};
		2BC4F4D02C47F2610082B288 /* OneSignalInAppMessages */ = {
			isa = XCSwiftPackageProductDependency;
			package = 2BC4F4CB2C47F2610082B288 /* XCRemoteSwiftPackageReference "OneSignal-iOS-SDK" */;
			productName = OneSignalInAppMessages;
		};
		2BC4F4D22C47F2610082B288 /* OneSignalLocation */ = {
			isa = XCSwiftPackageProductDependency;
			package = 2BC4F4CB2C47F2610082B288 /* XCRemoteSwiftPackageReference "OneSignal-iOS-SDK" */;
			productName = OneSignalLocation;
		};
/* End XCSwiftPackageProductDependency section */
	};
	rootObject = 2BC4F4A22C47CD880082B288 /* Project object */;
}
